
Microsoft Visual Studio Solution File, Format Version 12.00
# Visual Studio Version 17
VisualStudioVersion = 17.0.31903.59
MinimumVisualStudioVersion = 10.0.40219.1
Project("{FAE04EC0-301F-11D3-BF4B-00C04F79EFBC}") = "brazo.Application", "brazo.Application\brazo.Application.csproj", "{7EC3316B-74C8-4002-B9D1-F422BFBE1F2B}"
EndProject
Project("{FAE04EC0-301F-11D3-BF4B-00C04F79EFBC}") = "brazo.API", "brazo.API\brazo.API.csproj", "{982B77E8-6021-4B09-9D7E-5D620904C0F1}"
EndProject
Global
	GlobalSection(SolutionConfigurationPlatforms) = preSolution
		Debug|Any CPU = Debug|Any CPU
		Release|Any CPU = Release|Any CPU
	EndGlobalSection
	GlobalSection(SolutionProperties) = preSolution
		HideSolutionNode = FALSE
	EndGlobalSection
	GlobalSection(ProjectConfigurationPlatforms) = postSolution
		{7EC3316B-74C8-4002-B9D1-F422BFBE1F2B}.Debug|Any CPU.ActiveCfg = Debug|Any CPU
		{7EC3316B-74C8-4002-B9D1-F422BFBE1F2B}.Debug|Any CPU.Build.0 = Debug|Any CPU
		{7EC3316B-74C8-4002-B9D1-F422BFBE1F2B}.Release|Any CPU.ActiveCfg = Release|Any CPU
		{7EC3316B-74C8-4002-B9D1-F422BFBE1F2B}.Release|Any CPU.Build.0 = Release|Any CPU
		{982B77E8-6021-4B09-9D7E-5D620904C0F1}.Debug|Any CPU.ActiveCfg = Debug|Any CPU
		{982B77E8-6021-4B09-9D7E-5D620904C0F1}.Debug|Any CPU.Build.0 = Debug|Any CPU
		{982B77E8-6021-4B09-9D7E-5D620904C0F1}.Release|Any CPU.ActiveCfg = Release|Any CPU
		{982B77E8-6021-4B09-9D7E-5D620904C0F1}.Release|Any CPU.Build.0 = Release|Any CPU
	EndGlobalSection
EndGlobal
